
Microsoft Visual Studio Solution File, Format Version 12.00
# Visual Studio Version 17
VisualStudioVersion = 17.0.31903.59
MinimumVisualStudioVersion = 10.0.40219.1
Project("{2150E333-8FDC-42A3-9474-1A3956D46DE8}") = "tests", "tests", "{0AB3BF05-4346-4AA6-1389-037BE0695223}"
EndProject
Project("{FAE04EC0-301F-11D3-BF4B-00C04F79EFBC}") = "Calculator.Tests", "tests\Calculator.Tests\Calculator.Tests.csproj", "{F21E6366-2861-4D6F-9C62-E0A7732C4A94}"
EndProject
Global
	GlobalSection(SolutionConfigurationPlatforms) = preSolution
		Debug|Any CPU = Debug|Any CPU
		Debug|x64 = Debug|x64
		Debug|x86 = Debug|x86
		Release|Any CPU = Release|Any CPU
		Release|x64 = Release|x64
		Release|x86 = Release|x86
	EndGlobalSection
	GlobalSection(ProjectConfigurationPlatforms) = postSolution
		{F21E6366-2861-4D6F-9C62-E0A7732C4A94}.Debug|Any CPU.ActiveCfg = Debug|Any CPU
		{F21E6366-2861-4D6F-9C62-E0A7732C4A94}.Debug|Any CPU.Build.0 = Debug|Any CPU
		{F21E6366-2861-4D6F-9C62-E0A7732C4A94}.Debug|x64.ActiveCfg = Debug|Any CPU
		{F21E6366-2861-4D6F-9C62-E0A7732C4A94}.Debug|x64.Build.0 = Debug|Any CPU
		{F21E6366-2861-4D6F-9C62-E0A7732C4A94}.Debug|x86.ActiveCfg = Debug|Any CPU
		{F21E6366-2861-4D6F-9C62-E0A7732C4A94}.Debug|x86.Build.0 = Debug|Any CPU
		{F21E6366-2861-4D6F-9C62-E0A7732C4A94}.Release|Any CPU.ActiveCfg = Release|Any CPU
		{F21E6366-2861-4D6F-9C62-E0A7732C4A94}.Release|Any CPU.Build.0 = Release|Any CPU
		{F21E6366-2861-4D6F-9C62-E0A7732C4A94}.Release|x64.ActiveCfg = Release|Any CPU
		{F21E6366-2861-4D6F-9C62-E0A7732C4A94}.Release|x64.Build.0 = Release|Any CPU
		{F21E6366-2861-4D6F-9C62-E0A7732C4A94}.Release|x86.ActiveCfg = Release|Any CPU
		{F21E6366-2861-4D6F-9C62-E0A7732C4A94}.Release|x86.Build.0 = Release|Any CPU
	EndGlobalSection
	GlobalSection(SolutionProperties) = preSolution
		HideSolutionNode = FALSE
	EndGlobalSection
	GlobalSection(NestedProjects) = preSolution
		{F21E6366-2861-4D6F-9C62-E0A7732C4A94} = {0AB3BF05-4346-4AA6-1389-037BE0695223}
	EndGlobalSection
EndGlobal
